# This file is autogenerated, do not edit; changes may be undone by the next 'dep ensure'.


[[projects]]
  branch = "master"
  name = "github.com/Songmu/postailer"
  packages = ["."]
  revision = "3ffa14de0f6f53e68d7a23eafa9a2e467dc17425"

[[projects]]
  branch = "master"
  name = "github.com/mackerelio/go-mackerel-plugin"
  packages = ["."]
  revision = "f0cf8da580123669be8cdc3b8d86568443af0d54"

[[projects]]
  branch = "master"
  name = "github.com/mackerelio/golib"
  packages = ["pluginutil"]
  revision = "f8af1a14676acd67ed7bd1c48c4e95d978b9ce4d"

[[projects]]
  name = "github.com/montanaflynn/stats"
  packages = ["."]
  revision = "eeaced052adbcfeea372c749c281099ed7fdaa38"
  version = "0.2.0"

[[projects]]
  branch = "master"
  name = "github.com/najeira/ltsv"
  packages = ["."]
  revision = "40eb84a5b5d21afa8f26f357445d910c62011166"

[solve-meta]
  analyzer-name = "dep"
  analyzer-version = 1
  inputs-digest = "43f38a188f1dbd4e5d24ea3430fdecca841dab0abc98b4ed7e557192463a48be"
  solver-name = "gps-cdcl"
  solver-version = 1
