# This file is autogenerated, do not edit; changes may be undone by the next 'dep ensure'.


[[projects]]
  branch = "master"
  digest = "1:348c14d26245e334189a668aae556b295fee6c6b0cf331968d6d97a0ef3d61af"
  name = "github.com/Songmu/postailer"
  packages = ["."]
  pruneopts = ""
  revision = "3ffa14de0f6f53e68d7a23eafa9a2e467dc17425"

[[projects]]
  branch = "master"
  digest = "1:5a80022d7ad07d3f0fa87277ee79df3a65421b5e175ac6dfd71a91066464cc0a"
  name = "github.com/mackerelio/go-mackerel-plugin"
  packages = ["."]
  pruneopts = ""
  revision = "f0cf8da580123669be8cdc3b8d86568443af0d54"

[[projects]]
  branch = "master"
  digest = "1:497a88a448e2ab73c9503904c4c68a9f1893b36079b835cf6bed0c15a68a0292"
  name = "github.com/mackerelio/golib"
  packages = ["pluginutil"]
  pruneopts = ""
  revision = "f8af1a14676acd67ed7bd1c48c4e95d978b9ce4d"

[[projects]]
  digest = "1:a067513044dc491395a58f56f39cedddb5ad35789b832b570c283a64d712f81b"
  name = "github.com/montanaflynn/stats"
  packages = ["."]
  pruneopts = ""
  revision = "eeaced052adbcfeea372c749c281099ed7fdaa38"
  version = "0.2.0"

[[projects]]
  branch = "master"
  digest = "1:ad23e34d86159a578ebb49c192183fefe200820418f60c8980283f1eefd75eab"
  name = "github.com/najeira/ltsv"
  packages = ["."]
  pruneopts = ""
  revision = "40eb84a5b5d21afa8f26f357445d910c62011166"

[solve-meta]
  analyzer-name = "dep"
  analyzer-version = 1
  input-imports = [
    "github.com/Songmu/postailer",
    "github.com/mackerelio/go-mackerel-plugin",
    "github.com/mackerelio/golib/pluginutil",
    "github.com/montanaflynn/stats",
    "github.com/najeira/ltsv",
  ]
  solver-name = "gps-cdcl"
  solver-version = 1
